
Microsoft Visual Studio Solution File, Format Version 12.00
# Visual Studio Version 17
VisualStudioVersion = 17.14.36310.24 d17.14
MinimumVisualStudioVersion = 10.0.40219.1
Project("{FAE04EC0-301F-11D3-BF4B-00C04F79EFBC}") = "GAMMA songs converter", "GAMMA songs converter\GAMMA songs converter.csproj", "{24605F6E-AD89-4940-B67C-8C3820DB27DA}"
EndProject
Global
	GlobalSection(SolutionConfigurationPlatforms) = preSolution
		Debug|Any CPU = Debug|Any CPU
		Release|Any CPU = Release|Any CPU
	EndGlobalSection
	GlobalSection(ProjectConfigurationPlatforms) = postSolution
		{24605F6E-AD89-4940-B67C-8C3820DB27DA}.Debug|Any CPU.ActiveCfg = Debug|Any CPU
		{24605F6E-AD89-4940-B67C-8C3820DB27DA}.Debug|Any CPU.Build.0 = Debug|Any CPU
		{24605F6E-AD89-4940-B67C-8C3820DB27DA}.Release|Any CPU.ActiveCfg = Release|Any CPU
		{24605F6E-AD89-4940-B67C-8C3820DB27DA}.Release|Any CPU.Build.0 = Release|Any CPU
	EndGlobalSection
	GlobalSection(SolutionProperties) = preSolution
		HideSolutionNode = FALSE
	EndGlobalSection
	GlobalSection(ExtensibilityGlobals) = postSolution
		SolutionGuid = {1DC5C152-95EC-4279-A166-CE94706ED54A}
	EndGlobalSection
EndGlobal
